{
  "originHash" : "5adf59762de491cb288fdde6f75f66c6ec7e4cab0f00155361e2b212036d146d",
  "pins" : [
    {
      "identity" : "generative-ai-swift",
      "kind" : "remoteSourceControl",
      "location" : "https://github.com/google/generative-ai-swift",
      "state" : {
        "revision" : "44b8ce120425f9cf53ca756f3434ca2c2696f8bd",
        "version" : "0.5.6"
      }
    },
    {
      "identity" : "swiftpersistence",
      "kind" : "remoteSourceControl",
      "location" : "https://github.com/cheesetan/SwiftPersistence",
      "state" : {
        "revision" : "8b13dfbeac821279cd3ca5fb9f360250325b6f81",
        "version" : "1.1.2"
      }
    }
  ],
  "version" : 3
}
